<?xml version="1.0" encoding="UTF-8" standalone="yes" ?>
<CodeBlocks_project_file>
	<FileVersion major="1" minor="6" />
	<Project>
		<Option title="PinoMaze_game" />
		<Option pch_mode="2" />
		<Option compiler="gcc" />
		<Build>
			<Target title="Debug Win32">
				<Option output="../bin/Win32/Debug/PinoMaze_game" prefix_auto="1" extension_auto="1" />
				<Option working_dir="../bin" />
				<Option object_output="objs/Win32/Debug" />
				<Option type="1" />
				<Option compiler="gcc" />
				<Option projectLinkerOptionsRelation="2" />
				<Linker>
					<Add library="..\bin\Win32\Debug\libmaze.a" />
					<Add library="mingw32" />
					<Add library="SDL2main" />
					<Add library="SDL2" />
					<Add library="comdlg32" />
					<Add library="SDL2_image" />
					<Add library="SDL2_mixer" />
					<Add library="C:\VisualStudio\VC\lib\glew32s.lib" />
					<Add library="opengl32" />
				</Linker>
			</Target>
			<Target title="Debug x64">
				<Option output="../bin/x64/Debug/PinoMaze_game" prefix_auto="1" extension_auto="1" />
				<Option working_dir="../bin" />
				<Option object_output="objs/x64/Debug" />
				<Option type="1" />
				<Option compiler="mingw-w64" />
				<Option projectLinkerOptionsRelation="2" />
				<Linker>
					<Add library="..\bin\x64\Debug\libmaze.a" />
					<Add library="mingw32" />
					<Add library="SDL2main" />
					<Add library="SDL2" />
					<Add library="comdlg32" />
					<Add library="SDL2_image" />
					<Add library="SDL2_mixer" />
					<Add library="C:\VisualStudio\VC\lib\amd64\glew32s.lib" />
					<Add library="opengl32" />
				</Linker>
			</Target>
			<Target title="Release x64">
				<Option output="../bin/x64/Release/PinoMaze_game" prefix_auto="1" extension_auto="1" />
				<Option working_dir="../bin" />
				<Option object_output="objs/x64/Release" />
				<Option type="0" />
				<Option compiler="mingw-w64" />
				<Option projectLinkerOptionsRelation="2" />
				<Compiler>
					<Add option="-O2" />
				</Compiler>
				<Linker>
					<Add option="-static-libgcc -static-libstdc++" />
					<Add library="..\bin\x64\Release\libmaze.a" />
					<Add library="mingw32" />
					<Add library="SDL2main" />
					<Add library="SDL2" />
					<Add library="SDL2_image" />
					<Add library="SDL2_mixer" />
					<Add library="C:\VisualStudio\VC\lib\amd64\glew32s.lib" />
					<Add library="opengl32" />
				</Linker>
			</Target>
			<Target title="Release Win32">
				<Option output="../bin/Win32/Release/PinoMaze_game" prefix_auto="1" extension_auto="1" />
				<Option working_dir="../bin" />
				<Option object_output="objs/Win32/Release" />
				<Option type="0" />
				<Option compiler="gcc" />
				<Compiler>
					<Add option="-O2" />
				</Compiler>
				<Linker>
					<Add option="-static-libgcc -static-libstdc++" />
					<Add library="..\bin\Win32\Release\libmaze.a" />
					<Add library="mingw32" />
					<Add library="SDL2main" />
					<Add library="SDL2" />
					<Add library="SDL2_image" />
					<Add library="SDL2_mixer" />
					<Add library="C:\VisualStudio\VC\lib\glew32s.lib" />
					<Add library="opengl32" />
				</Linker>
			</Target>
		</Build>
		<Compiler>
			<Add option="-DGLEW_STATIC" />
			<Add directory="include" />
			<Add directory="../PinoMaze_maze/include" />
		</Compiler>
		<Unit filename="PinoMaze_game.rc">
			<Option compilerVar="WINDRES" />
		</Unit>
		<Unit filename="include/box.h" />
		<Unit filename="include/cubemap.h" />
		<Unit filename="include/framebuffer.h" />
		<Unit filename="include/game.h" />
		<Unit filename="include/game_logic.h" />
		<Unit filename="include/globals.h" />
		<Unit filename="include/material.h" />
		<Unit filename="include/model.h" />
		<Unit filename="include/particle_system.h" />
		<Unit filename="include/renderer_bridge.h" />
		<Unit filename="include/renderer_hole.h" />
		<Unit filename="include/renderer_hud.h" />
		<Unit filename="include/renderer_particle.h" />
		<Unit filename="include/renderer_skybox.h" />
		<Unit filename="include/renderer_teleport.h" />
		<Unit filename="include/renderer_world.h" />
		<Unit filename="include/res_loader.h" />
		<Unit filename="include/shader_hole.h" />
		<Unit filename="include/shader_hud.h" />
		<Unit filename="include/shader_particle.h" />
		<Unit filename="include/shader_program.h" />
		<Unit filename="include/shader_shadow.h" />
		<Unit filename="include/shader_skybox.h" />
		<Unit filename="include/shader_teleport.h" />
		<Unit filename="include/shader_world.h" />
		<Unit filename="include/sound.h" />
		<Unit filename="include/sphere.h" />
		<Unit filename="include/texture.h" />
		<Unit filename="resource.h" />
		<Unit filename="shaders/s_hole_f.glsl" />
		<Unit filename="shaders/s_hole_v.glsl" />
		<Unit filename="shaders/s_hud_f.glsl" />
		<Unit filename="shaders/s_hud_v.glsl" />
		<Unit filename="shaders/s_particle_f.glsl" />
		<Unit filename="shaders/s_particle_v.glsl" />
		<Unit filename="shaders/s_shadow_f.glsl" />
		<Unit filename="shaders/s_shadow_v.glsl" />
		<Unit filename="shaders/s_skybox_f.glsl" />
		<Unit filename="shaders/s_skybox_v.glsl" />
		<Unit filename="shaders/s_teleport_f.glsl" />
		<Unit filename="shaders/s_teleport_v.glsl" />
		<Unit filename="shaders/s_world_f.glsl" />
		<Unit filename="shaders/s_world_v.glsl" />
		<Unit filename="src/box.cpp" />
		<Unit filename="src/cubemap.cpp" />
		<Unit filename="src/framebuffer.cpp" />
		<Unit filename="src/game.cpp" />
		<Unit filename="src/game_logic.cpp" />
		<Unit filename="src/main.cpp" />
		<Unit filename="src/material.cpp" />
		<Unit filename="src/model.cpp" />
		<Unit filename="src/particle_system.cpp" />
		<Unit filename="src/renderer_bridge.cpp" />
		<Unit filename="src/renderer_hole.cpp" />
		<Unit filename="src/renderer_hud.cpp" />
		<Unit filename="src/renderer_particle.cpp" />
		<Unit filename="src/renderer_skybox.cpp" />
		<Unit filename="src/renderer_teleport.cpp" />
		<Unit filename="src/renderer_world.cpp" />
		<Unit filename="src/res_loader.cpp" />
		<Unit filename="src/shader_hole.cpp" />
		<Unit filename="src/shader_hud.cpp" />
		<Unit filename="src/shader_particle.cpp" />
		<Unit filename="src/shader_program.cpp" />
		<Unit filename="src/shader_shadow.cpp" />
		<Unit filename="src/shader_skybox.cpp" />
		<Unit filename="src/shader_teleport.cpp" />
		<Unit filename="src/shader_world.cpp" />
		<Unit filename="src/sphere.cpp" />
		<Unit filename="src/texture.cpp" />
		<Unit filename="winres.h" />
		<Extensions>
			<code_completion />
			<envvars />
			<debugger />
		</Extensions>
	</Project>
</CodeBlocks_project_file>
