<?xml version="1.0" encoding="utf-8"?>
<Project ToolsVersion="4.0" xmlns="http://schemas.microsoft.com/developer/msbuild/2003">
  <ItemGroup>
    <Filter Include="Source Files">
      <UniqueIdentifier>{4FC737F1-C7A5-4376-A066-2A32D752A2FF}</UniqueIdentifier>
      <Extensions>cpp;c;cc;cxx;def;odl;idl;hpj;bat;asm;asmx</Extensions>
    </Filter>
    <Filter Include="Header Files">
      <UniqueIdentifier>{93995380-89BD-4b04-88EB-625FBE52EBFB}</UniqueIdentifier>
      <Extensions>h;hh;hpp;hxx;hm;inl;inc;xsd</Extensions>
    </Filter>
    <Filter Include="Resource Files">
      <UniqueIdentifier>{67DA6AB6-F800-4c08-8B7A-83BB121AAD01}</UniqueIdentifier>
      <Extensions>rc;ico;cur;bmp;dlg;rc2;rct;bin;rgs;gif;jpg;jpeg;jpe;resx;tiff;tif;png;wav;mfcribbon-ms</Extensions>
    </Filter>
    <Filter Include="Shader Files">
      <UniqueIdentifier>{5492e4a4-79b2-4691-b164-25cf75a8802e}</UniqueIdentifier>
      <Extensions>glsl</Extensions>
    </Filter>
  </ItemGroup>
  <ItemGroup>
    <ClCompile Include="src\box.cpp">
      <Filter>Source Files</Filter>
    </ClCompile>
    <ClCompile Include="src\cubemap.cpp">
      <Filter>Source Files</Filter>
    </ClCompile>
    <ClCompile Include="src\framebuffer.cpp">
      <Filter>Source Files</Filter>
    </ClCompile>
    <ClCompile Include="src\game.cpp">
      <Filter>Source Files</Filter>
    </ClCompile>
    <ClCompile Include="src\game_logic.cpp">
      <Filter>Source Files</Filter>
    </ClCompile>
    <ClCompile Include="src\main.cpp">
      <Filter>Source Files</Filter>
    </ClCompile>
    <ClCompile Include="src\model.cpp">
      <Filter>Source Files</Filter>
    </ClCompile>
    <ClCompile Include="src\renderer_bridge.cpp">
      <Filter>Source Files</Filter>
    </ClCompile>
    <ClCompile Include="src\renderer_hole.cpp">
      <Filter>Source Files</Filter>
    </ClCompile>
    <ClCompile Include="src\renderer_hud.cpp">
      <Filter>Source Files</Filter>
    </ClCompile>
    <ClCompile Include="src\renderer_skybox.cpp">
      <Filter>Source Files</Filter>
    </ClCompile>
    <ClCompile Include="src\renderer_teleport.cpp">
      <Filter>Source Files</Filter>
    </ClCompile>
    <ClCompile Include="src\renderer_world.cpp">
      <Filter>Source Files</Filter>
    </ClCompile>
    <ClCompile Include="src\res_loader.cpp">
      <Filter>Source Files</Filter>
    </ClCompile>
    <ClCompile Include="src\shader_hole.cpp">
      <Filter>Source Files</Filter>
    </ClCompile>
    <ClCompile Include="src\shader_hud.cpp">
      <Filter>Source Files</Filter>
    </ClCompile>
    <ClCompile Include="src\shader_program.cpp">
      <Filter>Source Files</Filter>
    </ClCompile>
    <ClCompile Include="src\shader_shadow.cpp">
      <Filter>Source Files</Filter>
    </ClCompile>
    <ClCompile Include="src\shader_skybox.cpp">
      <Filter>Source Files</Filter>
    </ClCompile>
    <ClCompile Include="src\shader_world.cpp">
      <Filter>Source Files</Filter>
    </ClCompile>
    <ClCompile Include="src\sphere.cpp">
      <Filter>Source Files</Filter>
    </ClCompile>
    <ClCompile Include="src\texture.cpp">
      <Filter>Source Files</Filter>
    </ClCompile>
    <ClCompile Include="src\shader_teleport.cpp">
      <Filter>Source Files</Filter>
    </ClCompile>
    <ClCompile Include="src\particle_system.cpp">
      <Filter>Source Files</Filter>
    </ClCompile>
    <ClCompile Include="src\renderer_particle.cpp">
      <Filter>Source Files</Filter>
    </ClCompile>
    <ClCompile Include="src\shader_particle.cpp">
      <Filter>Source Files</Filter>
    </ClCompile>
  </ItemGroup>
  <ItemGroup>
    <ClInclude Include="include\box.h">
      <Filter>Header Files</Filter>
    </ClInclude>
    <ClInclude Include="include\cubemap.h">
      <Filter>Header Files</Filter>
    </ClInclude>
    <ClInclude Include="include\framebuffer.h">
      <Filter>Header Files</Filter>
    </ClInclude>
    <ClInclude Include="include\game.h">
      <Filter>Header Files</Filter>
    </ClInclude>
    <ClInclude Include="include\game_logic.h">
      <Filter>Header Files</Filter>
    </ClInclude>
    <ClInclude Include="include\globals.h">
      <Filter>Header Files</Filter>
    </ClInclude>
    <ClInclude Include="include\model.h">
      <Filter>Header Files</Filter>
    </ClInclude>
    <ClInclude Include="include\renderer_bridge.h">
      <Filter>Header Files</Filter>
    </ClInclude>
    <ClInclude Include="include\renderer_hole.h">
      <Filter>Header Files</Filter>
    </ClInclude>
    <ClInclude Include="include\renderer_hud.h">
      <Filter>Header Files</Filter>
    </ClInclude>
    <ClInclude Include="include\renderer_skybox.h">
      <Filter>Header Files</Filter>
    </ClInclude>
    <ClInclude Include="include\renderer_teleport.h">
      <Filter>Header Files</Filter>
    </ClInclude>
    <ClInclude Include="include\renderer_world.h">
      <Filter>Header Files</Filter>
    </ClInclude>
    <ClInclude Include="include\res_loader.h">
      <Filter>Header Files</Filter>
    </ClInclude>
    <ClInclude Include="include\shader_hole.h">
      <Filter>Header Files</Filter>
    </ClInclude>
    <ClInclude Include="include\shader_hud.h">
      <Filter>Header Files</Filter>
    </ClInclude>
    <ClInclude Include="include\shader_program.h">
      <Filter>Header Files</Filter>
    </ClInclude>
    <ClInclude Include="include\shader_shadow.h">
      <Filter>Header Files</Filter>
    </ClInclude>
    <ClInclude Include="include\shader_skybox.h">
      <Filter>Header Files</Filter>
    </ClInclude>
    <ClInclude Include="include\shader_world.h">
      <Filter>Header Files</Filter>
    </ClInclude>
    <ClInclude Include="include\sphere.h">
      <Filter>Header Files</Filter>
    </ClInclude>
    <ClInclude Include="include\texture.h">
      <Filter>Header Files</Filter>
    </ClInclude>
    <ClInclude Include="include\shader_teleport.h">
      <Filter>Header Files</Filter>
    </ClInclude>
    <ClInclude Include="include\particle_system.h">
      <Filter>Header Files</Filter>
    </ClInclude>
    <ClInclude Include="include\renderer_particle.h">
      <Filter>Header Files</Filter>
    </ClInclude>
    <ClInclude Include="include\shader_particle.h">
      <Filter>Header Files</Filter>
    </ClInclude>
    <ClInclude Include="include\sound.h">
      <Filter>Header Files</Filter>
    </ClInclude>
    <ClInclude Include="include\buffer.h">
      <Filter>Header Files</Filter>
    </ClInclude>
  </ItemGroup>
  <ItemGroup>
    <None Include="shaders\s_hole_f.glsl">
      <Filter>Shader Files</Filter>
    </None>
    <None Include="shaders\s_hole_v.glsl">
      <Filter>Shader Files</Filter>
    </None>
    <None Include="shaders\s_hud_f.glsl">
      <Filter>Shader Files</Filter>
    </None>
    <None Include="shaders\s_hud_v.glsl">
      <Filter>Shader Files</Filter>
    </None>
    <None Include="shaders\s_particle_f.glsl">
      <Filter>Shader Files</Filter>
    </None>
    <None Include="shaders\s_particle_v.glsl">
      <Filter>Shader Files</Filter>
    </None>
    <None Include="shaders\s_shadow_f.glsl">
      <Filter>Shader Files</Filter>
    </None>
    <None Include="shaders\s_shadow_v.glsl">
      <Filter>Shader Files</Filter>
    </None>
    <None Include="shaders\s_skybox_f.glsl">
      <Filter>Shader Files</Filter>
    </None>
    <None Include="shaders\s_skybox_v.glsl">
      <Filter>Shader Files</Filter>
    </None>
    <None Include="shaders\s_teleport_f.glsl">
      <Filter>Shader Files</Filter>
    </None>
    <None Include="shaders\s_teleport_v.glsl">
      <Filter>Shader Files</Filter>
    </None>
    <None Include="shaders\s_world_f.glsl">
      <Filter>Shader Files</Filter>
    </None>
    <None Include="shaders\s_world_v.glsl">
      <Filter>Shader Files</Filter>
    </None>
  </ItemGroup>
</Project>