
Microsoft Visual Studio Solution File, Format Version 12.00
# Visual Studio 14
VisualStudioVersion = 14.0.24720.0
MinimumVisualStudioVersion = 10.0.40219.1
Project("{8BC9CEB8-8B4A-11D0-8D11-00A0C91BC942}") = "PinoMaze_game", "PinoMaze_game\PinoMaze_game.vcxproj", "{904188A8-C82E-49EF-BC54-4DA46DCD904A}"
	ProjectSection(ProjectDependencies) = postProject
		{72380E63-F833-4DE9-A758-6CEDAFE968D5} = {72380E63-F833-4DE9-A758-6CEDAFE968D5}
	EndProjectSection
EndProject
Project("{8BC9CEB8-8B4A-11D0-8D11-00A0C91BC942}") = "PinoMaze_maze", "PinoMaze_maze\PinoMaze_maze.vcxproj", "{72380E63-F833-4DE9-A758-6CEDAFE968D5}"
EndProject
Project("{8BC9CEB8-8B4A-11D0-8D11-00A0C91BC942}") = "PinoMaze_editor", "PinoMaze_editor\PinoMaze_editor.vcxproj", "{E6B4DD18-3104-43A8-9AFF-F3AB8B425C24}"
	ProjectSection(ProjectDependencies) = postProject
		{72380E63-F833-4DE9-A758-6CEDAFE968D5} = {72380E63-F833-4DE9-A758-6CEDAFE968D5}
	EndProjectSection
EndProject
Global
	GlobalSection(SolutionConfigurationPlatforms) = preSolution
		Debug|Win32 = Debug|Win32
		Debug|x64 = Debug|x64
		Release|Win32 = Release|Win32
		Release|x64 = Release|x64
	EndGlobalSection
	GlobalSection(ProjectConfigurationPlatforms) = postSolution
		{904188A8-C82E-49EF-BC54-4DA46DCD904A}.Debug|Win32.ActiveCfg = Debug|Win32
		{904188A8-C82E-49EF-BC54-4DA46DCD904A}.Debug|Win32.Build.0 = Debug|Win32
		{904188A8-C82E-49EF-BC54-4DA46DCD904A}.Debug|x64.ActiveCfg = Debug|x64
		{904188A8-C82E-49EF-BC54-4DA46DCD904A}.Debug|x64.Build.0 = Debug|x64
		{904188A8-C82E-49EF-BC54-4DA46DCD904A}.Release|Win32.ActiveCfg = Release|Win32
		{904188A8-C82E-49EF-BC54-4DA46DCD904A}.Release|Win32.Build.0 = Release|Win32
		{904188A8-C82E-49EF-BC54-4DA46DCD904A}.Release|x64.ActiveCfg = Release|x64
		{904188A8-C82E-49EF-BC54-4DA46DCD904A}.Release|x64.Build.0 = Release|x64
		{72380E63-F833-4DE9-A758-6CEDAFE968D5}.Debug|Win32.ActiveCfg = Debug|Win32
		{72380E63-F833-4DE9-A758-6CEDAFE968D5}.Debug|Win32.Build.0 = Debug|Win32
		{72380E63-F833-4DE9-A758-6CEDAFE968D5}.Debug|x64.ActiveCfg = Debug|x64
		{72380E63-F833-4DE9-A758-6CEDAFE968D5}.Debug|x64.Build.0 = Debug|x64
		{72380E63-F833-4DE9-A758-6CEDAFE968D5}.Release|Win32.ActiveCfg = Release|Win32
		{72380E63-F833-4DE9-A758-6CEDAFE968D5}.Release|Win32.Build.0 = Release|Win32
		{72380E63-F833-4DE9-A758-6CEDAFE968D5}.Release|x64.ActiveCfg = Release|x64
		{72380E63-F833-4DE9-A758-6CEDAFE968D5}.Release|x64.Build.0 = Release|x64
		{E6B4DD18-3104-43A8-9AFF-F3AB8B425C24}.Debug|Win32.ActiveCfg = Debug|Win32
		{E6B4DD18-3104-43A8-9AFF-F3AB8B425C24}.Debug|Win32.Build.0 = Debug|Win32
		{E6B4DD18-3104-43A8-9AFF-F3AB8B425C24}.Debug|x64.ActiveCfg = Debug|x64
		{E6B4DD18-3104-43A8-9AFF-F3AB8B425C24}.Debug|x64.Build.0 = Debug|x64
		{E6B4DD18-3104-43A8-9AFF-F3AB8B425C24}.Release|Win32.ActiveCfg = Release|Win32
		{E6B4DD18-3104-43A8-9AFF-F3AB8B425C24}.Release|Win32.Build.0 = Release|Win32
		{E6B4DD18-3104-43A8-9AFF-F3AB8B425C24}.Release|x64.ActiveCfg = Release|x64
		{E6B4DD18-3104-43A8-9AFF-F3AB8B425C24}.Release|x64.Build.0 = Release|x64
	EndGlobalSection
	GlobalSection(SolutionProperties) = preSolution
		HideSolutionNode = FALSE
	EndGlobalSection
EndGlobal
