<?xml version="1.0" encoding="UTF-8" standalone="yes" ?>
<CodeBlocks_project_file>
	<FileVersion major="1" minor="6" />
	<Project>
		<Option title="PinoMaze_maze" />
		<Option pch_mode="2" />
		<Option compiler="gcc" />
		<Build>
			<Target title="Debug Win32">
				<Option output="../bin/Win32/Debug/maze" prefix_auto="1" extension_auto="1" />
				<Option working_dir="" />
				<Option object_output="objs/Win32/Debug" />
				<Option type="2" />
				<Option compiler="gcc" />
				<Option createDefFile="1" />
				<Compiler>
					<Add directory="include" />
				</Compiler>
			</Target>
			<Target title="Debug x64">
				<Option output="../bin/x64/Debug/maze" prefix_auto="1" extension_auto="1" />
				<Option working_dir="" />
				<Option object_output="objs/x64/Debug" />
				<Option type="2" />
				<Option compiler="mingw-w64" />
				<Option createDefFile="1" />
				<Compiler>
					<Add directory="include" />
				</Compiler>
			</Target>
			<Target title="Release x64">
				<Option output="../bin/x64/Release/maze" prefix_auto="1" extension_auto="1" />
				<Option working_dir="" />
				<Option object_output="objs/x64/Release" />
				<Option type="2" />
				<Option compiler="mingw-w64" />
				<Option createDefFile="1" />
				<Compiler>
					<Add option="-O2" />
					<Add directory="include" />
				</Compiler>
			</Target>
			<Target title="Release Win32">
				<Option output="../bin/Win32/Release/maze" prefix_auto="1" extension_auto="1" />
				<Option working_dir="" />
				<Option object_output="objs/Win32/Release" />
				<Option type="2" />
				<Option compiler="gcc" />
				<Option createDefFile="1" />
				<Compiler>
					<Add option="-O2" />
					<Add directory="include" />
				</Compiler>
			</Target>
		</Build>
		<Unit filename="include/a_star.h" />
		<Unit filename="include/bit_array.h" />
		<Unit filename="include/grid.h" />
		<Unit filename="include/grid.inl" />
		<Unit filename="include/grid3d.h" />
		<Unit filename="include/grid3d.inl" />
		<Unit filename="include/heap.h" />
		<Unit filename="include/heap.inl" />
		<Unit filename="include/maze.h" />
		<Unit filename="include/maze_io.h" />
		<Unit filename="include/maze_items.h" />
		<Unit filename="include/node.h" />
		<Unit filename="include/tile.h" />
		<Unit filename="include/wall.h" />
		<Unit filename="src/a_star.cpp" />
		<Unit filename="src/bit_array.cpp" />
		<Unit filename="src/maze.cpp" />
		<Unit filename="src/maze_items.cpp" />
		<Unit filename="src/maze_open.cpp" />
		<Unit filename="src/maze_save.cpp" />
		<Unit filename="src/node.cpp" />
		<Unit filename="src/wall.cpp" />
		<Extensions>
			<code_completion />
			<envvars />
			<debugger />
		</Extensions>
	</Project>
</CodeBlocks_project_file>
