<?xml version="1.0" encoding="utf-8"?>
<Project ToolsVersion="4.0" xmlns="http://schemas.microsoft.com/developer/msbuild/2003">
  <ItemGroup>
    <Filter Include="Source Files">
      <UniqueIdentifier>{4FC737F1-C7A5-4376-A066-2A32D752A2FF}</UniqueIdentifier>
      <Extensions>cpp;c;cc;cxx;def;odl;idl;hpj;bat;asm;asmx</Extensions>
    </Filter>
    <Filter Include="Header Files">
      <UniqueIdentifier>{93995380-89BD-4b04-88EB-625FBE52EBFB}</UniqueIdentifier>
      <Extensions>h;hh;hpp;hxx;hm;inl;inc;xsd</Extensions>
    </Filter>
    <Filter Include="Resource Files">
      <UniqueIdentifier>{67DA6AB6-F800-4c08-8B7A-83BB121AAD01}</UniqueIdentifier>
      <Extensions>rc;ico;cur;bmp;dlg;rc2;rct;bin;rgs;gif;jpg;jpeg;jpe;resx;tiff;tif;png;wav;mfcribbon-ms</Extensions>
    </Filter>
  </ItemGroup>
  <ItemGroup>
    <ClInclude Include="include\maze_editor.h">
      <Filter>Header Files</Filter>
    </ClInclude>
    <ClInclude Include="include\maze_random.h">
      <Filter>Header Files</Filter>
    </ClInclude>
    <ClInclude Include="include\maze_renderer.h">
      <Filter>Header Files</Filter>
    </ClInclude>
    <ClInclude Include="include\res_loader.h">
      <Filter>Header Files</Filter>
    </ClInclude>
    <ClInclude Include="include\tool_arrow.h">
      <Filter>Header Files</Filter>
    </ClInclude>
    <ClInclude Include="include\tool_base.h">
      <Filter>Header Files</Filter>
    </ClInclude>
    <ClInclude Include="include\tool_block.h">
      <Filter>Header Files</Filter>
    </ClInclude>
    <ClInclude Include="include\tool_bridge.h">
      <Filter>Header Files</Filter>
    </ClInclude>
    <ClInclude Include="include\tool_crop.h">
      <Filter>Header Files</Filter>
    </ClInclude>
    <ClInclude Include="include\tool_select.h">
      <Filter>Header Files</Filter>
    </ClInclude>
    <ClInclude Include="include\tool_startend.h">
      <Filter>Header Files</Filter>
    </ClInclude>
    <ClInclude Include="include\tool_teleport.h">
      <Filter>Header Files</Filter>
    </ClInclude>
    <ClInclude Include="include\tool_wall.h">
      <Filter>Header Files</Filter>
    </ClInclude>
    <ClInclude Include="resource.h">
      <Filter>Header Files</Filter>
    </ClInclude>
  </ItemGroup>
  <ItemGroup>
    <ClCompile Include="src\main.cpp">
      <Filter>Source Files</Filter>
    </ClCompile>
    <ClCompile Include="src\maze_editor.cpp">
      <Filter>Source Files</Filter>
    </ClCompile>
    <ClCompile Include="src\maze_random.cpp">
      <Filter>Source Files</Filter>
    </ClCompile>
    <ClCompile Include="src\maze_renderer.cpp">
      <Filter>Source Files</Filter>
    </ClCompile>
    <ClCompile Include="src\res_loader.cpp">
      <Filter>Source Files</Filter>
    </ClCompile>
    <ClCompile Include="src\tool_arrow.cpp">
      <Filter>Source Files</Filter>
    </ClCompile>
    <ClCompile Include="src\tool_base.cpp">
      <Filter>Source Files</Filter>
    </ClCompile>
    <ClCompile Include="src\tool_block.cpp">
      <Filter>Source Files</Filter>
    </ClCompile>
    <ClCompile Include="src\tool_bridge.cpp">
      <Filter>Source Files</Filter>
    </ClCompile>
    <ClCompile Include="src\tool_crop.cpp">
      <Filter>Source Files</Filter>
    </ClCompile>
    <ClCompile Include="src\tool_select.cpp">
      <Filter>Source Files</Filter>
    </ClCompile>
    <ClCompile Include="src\tool_startend.cpp">
      <Filter>Source Files</Filter>
    </ClCompile>
    <ClCompile Include="src\tool_teleport.cpp">
      <Filter>Source Files</Filter>
    </ClCompile>
    <ClCompile Include="src\tool_wall.cpp">
      <Filter>Source Files</Filter>
    </ClCompile>
  </ItemGroup>
  <ItemGroup>
    <ResourceCompile Include="PinoMaze_editor.rc">
      <Filter>Resource Files</Filter>
    </ResourceCompile>
  </ItemGroup>
  <ItemGroup>
    <Image Include="resources\MDA_8x14.png">
      <Filter>Resource Files</Filter>
    </Image>
    <Image Include="resources\potash_10x10.png">
      <Filter>Resource Files</Filter>
    </Image>
    <Image Include="resources\tiles_10x10.png">
      <Filter>Resource Files</Filter>
    </Image>
    <Image Include="resources\tools.png">
      <Filter>Resource Files</Filter>
    </Image>
  </ItemGroup>
</Project>